# This file is autogenerated, do not edit; changes may be undone by the next 'dep ensure'.


[[projects]]
  digest = "1:0f0fbbe91d01b561ae4de2c94173315c2802f9ce1a0106794a29a78f62e1ac52"
  name = "github.com/quipo/statsd"
  packages = [
    ".",
    "event",
  ]
  pruneopts = "UT"
  revision = "977fadbd5cda9975ab87279994ea2029efdbd436"
  version = "1.4.0"

[solve-meta]
  analyzer-name = "dep"
  analyzer-version = 1
  input-imports = ["github.com/quipo/statsd"]
  solver-name = "gps-cdcl"
  solver-version = 1
